// !$*UTF8*$!
{
	archiveVersion = 1;
	classes = {
	};
	objectVersion = 50;
	objects = {

/* Begin PBXBuildFile section */
		93AF908B2298180E004592F0 /* AppDelegate.swift in Sources */ = {isa = PBXBuildFile; fileRef = 93AF908A2298180E004592F0 /* AppDelegate.swift */; };
		93AF90902298180E004592F0 /* Main.storyboard in Resources */ = {isa = PBXBuildFile; fileRef = 93AF908E2298180E004592F0 /* Main.storyboard */; };
		93AF90922298180F004592F0 /* Assets.xcassets in Resources */ = {isa = PBXBuildFile; fileRef = 93AF90912298180F004592F0 /* Assets.xcassets */; };
		93AF90952298180F004592F0 /* LaunchScreen.storyboard in Resources */ = {isa = PBXBuildFile; fileRef = 93AF90932298180F004592F0 /* LaunchScreen.storyboard */; };
		93AF909F229818CE004592F0 /* AlbumsViewController.swift in Sources */ = {isa = PBXBuildFile; fileRef = 93AF909E229818CE004592F0 /* AlbumsViewController.swift */; };
		93AF90A1229818DA004592F0 /* AlbumDetailViewController.swift in Sources */ = {isa = PBXBuildFile; fileRef = 93AF90A0229818DA004592F0 /* AlbumDetailViewController.swift */; };
		93AF90A322981939004592F0 /* NetworkManager.swift in Sources */ = {isa = PBXBuildFile; fileRef = 93AF90A222981939004592F0 /* NetworkManager.swift */; };
		93FBA81B2299A86400B8CB1B /* AlbumRequestResponse.swift in Sources */ = {isa = PBXBuildFile; fileRef = 93FBA81A2299A86400B8CB1B /* AlbumRequestResponse.swift */; };
		93FBA81D2299AC6900B8CB1B /* Album.swift in Sources */ = {isa = PBXBuildFile; fileRef = 93FBA81C2299AC6900B8CB1B /* Album.swift */; };
		93FBA81F2299AE3300B8CB1B /* AlbumsViewPresenter.swift in Sources */ = {isa = PBXBuildFile; fileRef = 93FBA81E2299AE3300B8CB1B /* AlbumsViewPresenter.swift */; };
		93FBA8212299AE4400B8CB1B /* AlbumsViewInteractor.swift in Sources */ = {isa = PBXBuildFile; fileRef = 93FBA8202299AE4400B8CB1B /* AlbumsViewInteractor.swift */; };
		93FBA823229AE6ED00B8CB1B /* AlbumsViewRouter.swift in Sources */ = {isa = PBXBuildFile; fileRef = 93FBA822229AE6ED00B8CB1B /* AlbumsViewRouter.swift */; };
		93FBA825229AEAD100B8CB1B /* AlbumTableViewCell.swift in Sources */ = {isa = PBXBuildFile; fileRef = 93FBA824229AEAD100B8CB1B /* AlbumTableViewCell.swift */; };
		93FBA827229C303400B8CB1B /* Genre.swift in Sources */ = {isa = PBXBuildFile; fileRef = 93FBA826229C303400B8CB1B /* Genre.swift */; };
/* End PBXBuildFile section */

/* Begin PBXFileReference section */
		93AF90872298180E004592F0 /* RSSFeed.app */ = {isa = PBXFileReference; explicitFileType = wrapper.application; includeInIndex = 0; path = RSSFeed.app; sourceTree = BUILT_PRODUCTS_DIR; };
		93AF908A2298180E004592F0 /* AppDelegate.swift */ = {isa = PBXFileReference; lastKnownFileType = sourcecode.swift; path = AppDelegate.swift; sourceTree = "<group>"; };
		93AF908F2298180E004592F0 /* Base */ = {isa = PBXFileReference; lastKnownFileType = file.storyboard; name = Base; path = Base.lproj/Main.storyboard; sourceTree = "<group>"; };
		93AF90912298180F004592F0 /* Assets.xcassets */ = {isa = PBXFileReference; lastKnownFileType = folder.assetcatalog; path = Assets.xcassets; sourceTree = "<group>"; };
		93AF90942298180F004592F0 /* Base */ = {isa = PBXFileReference; lastKnownFileType = file.storyboard; name = Base; path = Base.lproj/LaunchScreen.storyboard; sourceTree = "<group>"; };
		93AF90962298180F004592F0 /* Info.plist */ = {isa = PBXFileReference; lastKnownFileType = text.plist.xml; path = Info.plist; sourceTree = "<group>"; };
		93AF909E229818CE004592F0 /* AlbumsViewController.swift */ = {isa = PBXFileReference; lastKnownFileType = sourcecode.swift; path = AlbumsViewController.swift; sourceTree = "<group>"; };
		93AF90A0229818DA004592F0 /* AlbumDetailViewController.swift */ = {isa = PBXFileReference; lastKnownFileType = sourcecode.swift; path = AlbumDetailViewController.swift; sourceTree = "<group>"; };
		93AF90A222981939004592F0 /* NetworkManager.swift */ = {isa = PBXFileReference; lastKnownFileType = sourcecode.swift; path = NetworkManager.swift; sourceTree = "<group>"; };
		93FBA81A2299A86400B8CB1B /* AlbumRequestResponse.swift */ = {isa = PBXFileReference; lastKnownFileType = sourcecode.swift; path = AlbumRequestResponse.swift; sourceTree = "<group>"; };
		93FBA81C2299AC6900B8CB1B /* Album.swift */ = {isa = PBXFileReference; lastKnownFileType = sourcecode.swift; path = Album.swift; sourceTree = "<group>"; };
		93FBA81E2299AE3300B8CB1B /* AlbumsViewPresenter.swift */ = {isa = PBXFileReference; lastKnownFileType = sourcecode.swift; path = AlbumsViewPresenter.swift; sourceTree = "<group>"; };
		93FBA8202299AE4400B8CB1B /* AlbumsViewInteractor.swift */ = {isa = PBXFileReference; lastKnownFileType = sourcecode.swift; path = AlbumsViewInteractor.swift; sourceTree = "<group>"; };
		93FBA822229AE6ED00B8CB1B /* AlbumsViewRouter.swift */ = {isa = PBXFileReference; lastKnownFileType = sourcecode.swift; path = AlbumsViewRouter.swift; sourceTree = "<group>"; };
		93FBA824229AEAD100B8CB1B /* AlbumTableViewCell.swift */ = {isa = PBXFileReference; lastKnownFileType = sourcecode.swift; path = AlbumTableViewCell.swift; sourceTree = "<group>"; };
		93FBA826229C303400B8CB1B /* Genre.swift */ = {isa = PBXFileReference; lastKnownFileType = sourcecode.swift; path = Genre.swift; sourceTree = "<group>"; };
/* End PBXFileReference section */

/* Begin PBXFrameworksBuildPhase section */
		93AF90842298180E004592F0 /* Frameworks */ = {
			isa = PBXFrameworksBuildPhase;
			buildActionMask = 2147483647;
			files = (
			);
			runOnlyForDeploymentPostprocessing = 0;
		};
/* End PBXFrameworksBuildPhase section */

/* Begin PBXGroup section */
		93AF907E2298180E004592F0 = {
			isa = PBXGroup;
			children = (
				93AF90892298180E004592F0 /* RSSFeed */,
				93AF90882298180E004592F0 /* Products */,
			);
			sourceTree = "<group>";
		};
		93AF90882298180E004592F0 /* Products */ = {
			isa = PBXGroup;
			children = (
				93AF90872298180E004592F0 /* RSSFeed.app */,
			);
			name = Products;
			sourceTree = "<group>";
		};
		93AF90892298180E004592F0 /* RSSFeed */ = {
			isa = PBXGroup;
			children = (
				93AF908A2298180E004592F0 /* AppDelegate.swift */,
				93AF90A222981939004592F0 /* NetworkManager.swift */,
				93FBA81A2299A86400B8CB1B /* AlbumRequestResponse.swift */,
				93FBA81C2299AC6900B8CB1B /* Album.swift */,
				93FBA826229C303400B8CB1B /* Genre.swift */,
				93AF909E229818CE004592F0 /* AlbumsViewController.swift */,
				93FBA81E2299AE3300B8CB1B /* AlbumsViewPresenter.swift */,
				93FBA8202299AE4400B8CB1B /* AlbumsViewInteractor.swift */,
				93FBA822229AE6ED00B8CB1B /* AlbumsViewRouter.swift */,
				93FBA824229AEAD100B8CB1B /* AlbumTableViewCell.swift */,
				93AF90A0229818DA004592F0 /* AlbumDetailViewController.swift */,
				93AF908E2298180E004592F0 /* Main.storyboard */,
				93AF90912298180F004592F0 /* Assets.xcassets */,
				93AF90932298180F004592F0 /* LaunchScreen.storyboard */,
				93AF90962298180F004592F0 /* Info.plist */,
			);
			path = RSSFeed;
			sourceTree = "<group>";
		};
/* End PBXGroup section */

/* Begin PBXNativeTarget section */
		93AF90862298180E004592F0 /* RSSFeed */ = {
			isa = PBXNativeTarget;
			buildConfigurationList = 93AF90992298180F004592F0 /* Build configuration list for PBXNativeTarget "RSSFeed" */;
			buildPhases = (
				93AF90832298180E004592F0 /* Sources */,
				93AF90842298180E004592F0 /* Frameworks */,
				93AF90852298180E004592F0 /* Resources */,
			);
			buildRules = (
			);
			dependencies = (
			);
			name = RSSFeed;
			productName = RSSFeed;
			productReference = 93AF90872298180E004592F0 /* RSSFeed.app */;
			productType = "com.apple.product-type.application";
		};
/* End PBXNativeTarget section */

/* Begin PBXProject section */
		93AF907F2298180E004592F0 /* Project object */ = {
			isa = PBXProject;
			attributes = {
				LastSwiftUpdateCheck = 1010;
				LastUpgradeCheck = 1010;
				ORGANIZATIONNAME = "Chinna Addepally";
				TargetAttributes = {
					93AF90862298180E004592F0 = {
						CreatedOnToolsVersion = 10.1;
						LastSwiftMigration = 1020;
					};
				};
			};
			buildConfigurationList = 93AF90822298180E004592F0 /* Build configuration list for PBXProject "RSSFeed" */;
			compatibilityVersion = "Xcode 9.3";
			developmentRegion = en;
			hasScannedForEncodings = 0;
			knownRegions = (
				en,
				Base,
			);
			mainGroup = 93AF907E2298180E004592F0;
			productRefGroup = 93AF90882298180E004592F0 /* Products */;
			projectDirPath = "";
			projectRoot = "";
			targets = (
				93AF90862298180E004592F0 /* RSSFeed */,
			);
		};
/* End PBXProject section */

/* Begin PBXResourcesBuildPhase section */
		93AF90852298180E004592F0 /* Resources */ = {
			isa = PBXResourcesBuildPhase;
			buildActionMask = 2147483647;
			files = (
				93AF90952298180F004592F0 /* LaunchScreen.storyboard in Resources */,
				93AF90922298180F004592F0 /* Assets.xcassets in Resources */,
				93AF90902298180E004592F0 /* Main.storyboard in Resources */,
			);
			runOnlyForDeploymentPostprocessing = 0;
		};
/* End PBXResourcesBuildPhase section */

/* Begin PBXSourcesBuildPhase section */
		93AF90832298180E004592F0 /* Sources */ = {
			isa = PBXSourcesBuildPhase;
			buildActionMask = 2147483647;
			files = (
				93AF90A322981939004592F0 /* NetworkManager.swift in Sources */,
				93FBA81B2299A86400B8CB1B /* AlbumRequestResponse.swift in Sources */,
				93FBA823229AE6ED00B8CB1B /* AlbumsViewRouter.swift in Sources */,
				93FBA827229C303400B8CB1B /* Genre.swift in Sources */,
				93FBA81F2299AE3300B8CB1B /* AlbumsViewPresenter.swift in Sources */,
				93AF908B2298180E004592F0 /* AppDelegate.swift in Sources */,
				93FBA825229AEAD100B8CB1B /* AlbumTableViewCell.swift in Sources */,
				93AF90A1229818DA004592F0 /* AlbumDetailViewController.swift in Sources */,
				93AF909F229818CE004592F0 /* AlbumsViewController.swift in Sources */,
				93FBA81D2299AC6900B8CB1B /* Album.swift in Sources */,
				93FBA8212299AE4400B8CB1B /* AlbumsViewInteractor.swift in Sources */,
			);
			runOnlyForDeploymentPostprocessing = 0;
		};
/* End PBXSourcesBuildPhase section */

/* Begin PBXVariantGroup section */
		93AF908E2298180E004592F0 /* Main.storyboard */ = {
			isa = PBXVariantGroup;
			children = (
				93AF908F2298180E004592F0 /* Base */,
			);
			name = Main.storyboard;
			sourceTree = "<group>";
		};
		93AF90932298180F004592F0 /* LaunchScreen.storyboard */ = {
			isa = PBXVariantGroup;
			children = (
				93AF90942298180F004592F0 /* Base */,
			);
			name = LaunchScreen.storyboard;
			sourceTree = "<group>";
		};
/* End PBXVariantGroup section */

/* Begin XCBuildConfiguration section */
		93AF90972298180F004592F0 /* Debug */ = {
			isa = XCBuildConfiguration;
			buildSettings = {
				ALWAYS_SEARCH_USER_PATHS = NO;
				CLANG_ANALYZER_NONNULL = YES;
				CLANG_ANALYZER_NUMBER_OBJECT_CONVERSION = YES_AGGRESSIVE;
				CLANG_CXX_LANGUAGE_STANDARD = "gnu++14";
				CLANG_CXX_LIBRARY = "libc++";
				CLANG_ENABLE_MODULES = YES;
				CLANG_ENABLE_OBJC_ARC = YES;
				CLANG_ENABLE_OBJC_WEAK = YES;
				CLANG_WARN_BLOCK_CAPTURE_AUTORELEASING = YES;
				CLANG_WARN_BOOL_CONVERSION = YES;
				CLANG_WARN_COMMA = YES;
				CLANG_WARN_CONSTANT_CONVERSION = YES;
				CLANG_WARN_DEPRECATED_OBJC_IMPLEMENTATIONS = YES;
				CLANG_WARN_DIRECT_OBJC_ISA_USAGE = YES_ERROR;
				CLANG_WARN_DOCUMENTATION_COMMENTS = YES;
				CLANG_WARN_EMPTY_BODY = YES;
				CLANG_WARN_ENUM_CONVERSION = YES;
				CLANG_WARN_INFINITE_RECURSION = YES;
				CLANG_WARN_INT_CONVERSION = YES;
				CLANG_WARN_NON_LITERAL_NULL_CONVERSION = YES;
				CLANG_WARN_OBJC_IMPLICIT_RETAIN_SELF = YES;
				CLANG_WARN_OBJC_LITERAL_CONVERSION = YES;
				CLANG_WARN_OBJC_ROOT_CLASS = YES_ERROR;
				CLANG_WARN_RANGE_LOOP_ANALYSIS = YES;
				CLANG_WARN_STRICT_PROTOTYPES = YES;
				CLANG_WARN_SUSPICIOUS_MOVE = YES;
				CLANG_WARN_UNGUARDED_AVAILABILITY = YES_AGGRESSIVE;
				CLANG_WARN_UNREACHABLE_CODE = YES;
				CLANG_WARN__DUPLICATE_METHOD_MATCH = YES;
				CODE_SIGN_IDENTITY = "iPhone Developer";
				COPY_PHASE_STRIP = NO;
				DEBUG_INFORMATION_FORMAT = dwarf;
				ENABLE_STRICT_OBJC_MSGSEND = YES;
				ENABLE_TESTABILITY = YES;
				GCC_C_LANGUAGE_STANDARD = gnu11;
				GCC_DYNAMIC_NO_PIC = NO;
				GCC_NO_COMMON_BLOCKS = YES;
				GCC_OPTIMIZATION_LEVEL = 0;
				GCC_PREPROCESSOR_DEFINITIONS = (
					"DEBUG=1",
					"$(inherited)",
				);
				GCC_WARN_64_TO_32_BIT_CONVERSION = YES;
				GCC_WARN_ABOUT_RETURN_TYPE = YES_ERROR;
				GCC_WARN_UNDECLARED_SELECTOR = YES;
				GCC_WARN_UNINITIALIZED_AUTOS = YES_AGGRESSIVE;
				GCC_WARN_UNUSED_FUNCTION = YES;
				GCC_WARN_UNUSED_VARIABLE = YES;
				IPHONEOS_DEPLOYMENT_TARGET = 12.1;
				MTL_ENABLE_DEBUG_INFO = INCLUDE_SOURCE;
				MTL_FAST_MATH = YES;
				ONLY_ACTIVE_ARCH = YES;
				SDKROOT = iphoneos;
				SWIFT_ACTIVE_COMPILATION_CONDITIONS = DEBUG;
				SWIFT_OPTIMIZATION_LEVEL = "-Onone";
			};
			name = Debug;
		};
		93AF90982298180F004592F0 /* Release */ = {
			isa = XCBuildConfiguration;
			buildSettings = {
				ALWAYS_SEARCH_USER_PATHS = NO;
				CLANG_ANALYZER_NONNULL = YES;
				CLANG_ANALYZER_NUMBER_OBJECT_CONVERSION = YES_AGGRESSIVE;
				CLANG_CXX_LANGUAGE_STANDARD = "gnu++14";
				CLANG_CXX_LIBRARY = "libc++";
				CLANG_ENABLE_MODULES = YES;
				CLANG_ENABLE_OBJC_ARC = YES;
				CLANG_ENABLE_OBJC_WEAK = YES;
				CLANG_WARN_BLOCK_CAPTURE_AUTORELEASING = YES;
				CLANG_WARN_BOOL_CONVERSION = YES;
				CLANG_WARN_COMMA = YES;
				CLANG_WARN_CONSTANT_CONVERSION = YES;
				CLANG_WARN_DEPRECATED_OBJC_IMPLEMENTATIONS = YES;
				CLANG_WARN_DIRECT_OBJC_ISA_USAGE = YES_ERROR;
				CLANG_WARN_DOCUMENTATION_COMMENTS = YES;
				CLANG_WARN_EMPTY_BODY = YES;
				CLANG_WARN_ENUM_CONVERSION = YES;
				CLANG_WARN_INFINITE_RECURSION = YES;
				CLANG_WARN_INT_CONVERSION = YES;
				CLANG_WARN_NON_LITERAL_NULL_CONVERSION = YES;
				CLANG_WARN_OBJC_IMPLICIT_RETAIN_SELF = YES;
				CLANG_WARN_OBJC_LITERAL_CONVERSION = YES;
				CLANG_WARN_OBJC_ROOT_CLASS = YES_ERROR;
				CLANG_WARN_RANGE_LOOP_ANALYSIS = YES;
				CLANG_WARN_STRICT_PROTOTYPES = YES;
				CLANG_WARN_SUSPICIOUS_MOVE = YES;
				CLANG_WARN_UNGUARDED_AVAILABILITY = YES_AGGRESSIVE;
				CLANG_WARN_UNREACHABLE_CODE = YES;
				CLANG_WARN__DUPLICATE_METHOD_MATCH = YES;
				CODE_SIGN_IDENTITY = "iPhone Developer";
				COPY_PHASE_STRIP = NO;
				DEBUG_INFORMATION_FORMAT = "dwarf-with-dsym";
				ENABLE_NS_ASSERTIONS = NO;
				ENABLE_STRICT_OBJC_MSGSEND = YES;
				GCC_C_LANGUAGE_STANDARD = gnu11;
				GCC_NO_COMMON_BLOCKS = YES;
				GCC_WARN_64_TO_32_BIT_CONVERSION = YES;
				GCC_WARN_ABOUT_RETURN_TYPE = YES_ERROR;
				GCC_WARN_UNDECLARED_SELECTOR = YES;
				GCC_WARN_UNINITIALIZED_AUTOS = YES_AGGRESSIVE;
				GCC_WARN_UNUSED_FUNCTION = YES;
				GCC_WARN_UNUSED_VARIABLE = YES;
				IPHONEOS_DEPLOYMENT_TARGET = 12.1;
				MTL_ENABLE_DEBUG_INFO = NO;
				MTL_FAST_MATH = YES;
				SDKROOT = iphoneos;
				SWIFT_COMPILATION_MODE = wholemodule;
				SWIFT_OPTIMIZATION_LEVEL = "-O";
				VALIDATE_PRODUCT = YES;
			};
			name = Release;
		};
		93AF909A2298180F004592F0 /* Debug */ = {
			isa = XCBuildConfiguration;
			buildSettings = {
				ASSETCATALOG_COMPILER_APPICON_NAME = AppIcon;
				CODE_SIGN_STYLE = Automatic;
				INFOPLIST_FILE = RSSFeed/Info.plist;
				LD_RUNPATH_SEARCH_PATHS = (
					"$(inherited)",
					"@executable_path/Frameworks",
				);
				PRODUCT_BUNDLE_IDENTIFIER = chinna.RSSFeed;
				PRODUCT_NAME = "$(TARGET_NAME)";
				SWIFT_VERSION = 5.0;
				TARGETED_DEVICE_FAMILY = "1,2";
			};
			name = Debug;
		};
		93AF909B2298180F004592F0 /* Release */ = {
			isa = XCBuildConfiguration;
			buildSettings = {
				ASSETCATALOG_COMPILER_APPICON_NAME = AppIcon;
				CODE_SIGN_STYLE = Automatic;
				INFOPLIST_FILE = RSSFeed/Info.plist;
				LD_RUNPATH_SEARCH_PATHS = (
					"$(inherited)",
					"@executable_path/Frameworks",
				);
				PRODUCT_BUNDLE_IDENTIFIER = chinna.RSSFeed;
				PRODUCT_NAME = "$(TARGET_NAME)";
				SWIFT_VERSION = 5.0;
				TARGETED_DEVICE_FAMILY = "1,2";
			};
			name = Release;
		};
/* End XCBuildConfiguration section */

/* Begin XCConfigurationList section */
		93AF90822298180E004592F0 /* Build configuration list for PBXProject "RSSFeed" */ = {
			isa = XCConfigurationList;
			buildConfigurations = (
				93AF90972298180F004592F0 /* Debug */,
				93AF90982298180F004592F0 /* Release */,
			);
			defaultConfigurationIsVisible = 0;
			defaultConfigurationName = Release;
		};
		93AF90992298180F004592F0 /* Build configuration list for PBXNativeTarget "RSSFeed" */ = {
			isa = XCConfigurationList;
			buildConfigurations = (
				93AF909A2298180F004592F0 /* Debug */,
				93AF909B2298180F004592F0 /* Release */,
			);
			defaultConfigurationIsVisible = 0;
			defaultConfigurationName = Release;
		};
/* End XCConfigurationList section */
	};
	rootObject = 93AF907F2298180E004592F0 /* Project object */;
}
